
Microsoft Visual Studio Solution File, Format Version 11.00
# Visual Studio 2010
Project("{FAE04EC0-301F-11D3-BF4B-00C04F79EFBC}") = "Unity.2D.PixelPerfect.Tests", "Unity.2D.PixelPerfect.Tests.csproj", "{A26DE9A4-6D57-AB8D-E416-A4B6ADF0543B}"
EndProject
Project("{FAE04EC0-301F-11D3-BF4B-00C04F79EFBC}") = "UnityEngine.TestRunner", "UnityEngine.TestRunner.csproj", "{FA7AC13E-F907-E165-94D3-62A908F2734A}"
EndProject
Project("{FAE04EC0-301F-11D3-BF4B-00C04F79EFBC}") = "Unity.Mathematics", "Unity.Mathematics.csproj", "{26573374-1492-22E9-2322-CFB9F2AB296C}"
EndProject
Project("{FAE04EC0-301F-11D3-BF4B-00C04F79EFBC}") = "Unity.2D.Animation.Triangle.Runtime", "Unity.2D.Animation.Triangle.Runtime.csproj", "{32AF8C6A-04B7-5E78-F677-9A5C50304A57}"
EndProject
Project("{FAE04EC0-301F-11D3-BF4B-00C04F79EFBC}") = "UnityEngine.UI.Tests", "UnityEngine.UI.Tests.csproj", "{07767724-DB59-073C-0E31-D22334726941}"
EndProject
Project("{FAE04EC0-301F-11D3-BF4B-00C04F79EFBC}") = "Unity.Timeline", "Unity.Timeline.csproj", "{901891B5-149C-8C1C-6D23-434503277C37}"
EndProject
Project("{FAE04EC0-301F-11D3-BF4B-00C04F79EFBC}") = "Assembly-CSharp", "Assembly-CSharp.csproj", "{E1C63A48-5FAE-8380-7F75-58A3519A617F}"
EndProject
Project("{FAE04EC0-301F-11D3-BF4B-00C04F79EFBC}") = "UnityEngine.UI", "UnityEngine.UI.csproj", "{4B95C8F9-1F0E-5A62-8842-FF596711FE59}"
EndProject
Project("{FAE04EC0-301F-11D3-BF4B-00C04F79EFBC}") = "Unity.TextMeshPro", "Unity.TextMeshPro.csproj", "{90E50FFC-0833-97F2-C03E-046E7F5B703D}"
EndProject
Project("{FAE04EC0-301F-11D3-BF4B-00C04F79EFBC}") = "Unity.2D.Animation.Runtime", "Unity.2D.Animation.Runtime.csproj", "{1E9D9BF3-A34C-5C0E-6B43-C3C2290D9D39}"
EndProject
Project("{FAE04EC0-301F-11D3-BF4B-00C04F79EFBC}") = "Unity.2D.IK.Runtime", "Unity.2D.IK.Runtime.csproj", "{174B07FC-7534-817F-0600-ED2C724E20FF}"
EndProject
Project("{FAE04EC0-301F-11D3-BF4B-00C04F79EFBC}") = "Unity.2D.SpriteShape.Runtime", "Unity.2D.SpriteShape.Runtime.csproj", "{FB5C92DA-EFC7-FB11-30CB-ACD7CAA99696}"
EndProject
Project("{FAE04EC0-301F-11D3-BF4B-00C04F79EFBC}") = "Unity.2D.PixelPerfect", "Unity.2D.PixelPerfect.csproj", "{B7ED3983-DD1F-C2C2-3270-8AC972F603AA}"
EndProject
Project("{FAE04EC0-301F-11D3-BF4B-00C04F79EFBC}") = "Unity.2D.Common.Runtime", "Unity.2D.Common.Runtime.csproj", "{401BE95D-59BD-BC52-7951-2FD02AF45A7F}"
EndProject
Project("{FAE04EC0-301F-11D3-BF4B-00C04F79EFBC}") = "Unity.TextMeshPro.Tests", "Unity.TextMeshPro.Tests.csproj", "{920E2C56-7E5F-7320-2B69-783B62122CA2}"
EndProject
Project("{FAE04EC0-301F-11D3-BF4B-00C04F79EFBC}") = "Unity.InternalAPIEngineBridge.001", "Unity.InternalAPIEngineBridge.001.csproj", "{877737C7-3BBB-8166-45DC-F952D3263231}"
EndProject
Project("{FAE04EC0-301F-11D3-BF4B-00C04F79EFBC}") = "UnityEditor.TestRunner", "UnityEditor.TestRunner.csproj", "{2D793066-EE46-49B5-D1DC-4E7C817ED3A0}"
EndProject
Project("{FAE04EC0-301F-11D3-BF4B-00C04F79EFBC}") = "Unity.PlasticSCM.Editor", "Unity.PlasticSCM.Editor.csproj", "{726DC9E4-FE45-B1FD-4AD6-1E4AE2930CB4}"
EndProject
Project("{FAE04EC0-301F-11D3-BF4B-00C04F79EFBC}") = "UnityEditor.UI", "UnityEditor.UI.csproj", "{71CFE2CA-52D0-D4E0-DB05-015688E1D410}"
EndProject
Project("{FAE04EC0-301F-11D3-BF4B-00C04F79EFBC}") = "Unity.Services.Core.Editor", "Unity.Services.Core.Editor.csproj", "{F3A9A399-095D-F63A-8EA4-AB8E16BD3DA5}"
EndProject
Project("{FAE04EC0-301F-11D3-BF4B-00C04F79EFBC}") = "Unity.Timeline.Editor", "Unity.Timeline.Editor.csproj", "{B41EB3D5-CD44-FE6B-8A26-544198CF98DF}"
EndProject
Project("{FAE04EC0-301F-11D3-BF4B-00C04F79EFBC}") = "Unity.VisualStudio.Editor", "Unity.VisualStudio.Editor.csproj", "{A8162B05-C862-5D87-7018-BA65B9CD530E}"
EndProject
Project("{FAE04EC0-301F-11D3-BF4B-00C04F79EFBC}") = "Unity.2D.Psdimporter.Editor", "Unity.2D.Psdimporter.Editor.csproj", "{154ED031-AD4E-3243-6086-049D2EE52D81}"
EndProject
Project("{FAE04EC0-301F-11D3-BF4B-00C04F79EFBC}") = "Unity.2D.Animation.Editor", "Unity.2D.Animation.Editor.csproj", "{9CEA376A-7FF7-389E-DF89-D129CF8FF092}"
EndProject
Project("{FAE04EC0-301F-11D3-BF4B-00C04F79EFBC}") = "Unity.TextMeshPro.Editor", "Unity.TextMeshPro.Editor.csproj", "{643BB088-EB2A-9449-FE82-F24C4291588A}"
EndProject
Project("{FAE04EC0-301F-11D3-BF4B-00C04F79EFBC}") = "Unity.2D.SpriteShape.Editor", "Unity.2D.SpriteShape.Editor.csproj", "{11EA43C8-95DA-23AD-27C8-6FE8537D36B1}"
EndProject
Project("{FAE04EC0-301F-11D3-BF4B-00C04F79EFBC}") = "Unity.CollabProxy.Editor", "Unity.CollabProxy.Editor.csproj", "{3D2D788E-FE5F-0C9F-6C87-7D68E148CCB2}"
EndProject
Project("{FAE04EC0-301F-11D3-BF4B-00C04F79EFBC}") = "PsdPlugin", "PsdPlugin.csproj", "{F36053FB-7361-4960-7D1C-E0F912073436}"
EndProject
Project("{FAE04EC0-301F-11D3-BF4B-00C04F79EFBC}") = "DocCodeExamples", "DocCodeExamples.csproj", "{25308AEC-BB59-7F5F-29A7-FF9D0ABA17E0}"
EndProject
Project("{FAE04EC0-301F-11D3-BF4B-00C04F79EFBC}") = "Unity.2D.Path.Editor", "Unity.2D.Path.Editor.csproj", "{47028E65-998F-9F0B-72D7-BAA0B6604B52}"
EndProject
Project("{FAE04EC0-301F-11D3-BF4B-00C04F79EFBC}") = "Unity.Mathematics.Tests", "Unity.Mathematics.Tests.csproj", "{CE1E96CE-AC38-77C9-B0C7-2277290CC9BB}"
EndProject
Project("{FAE04EC0-301F-11D3-BF4B-00C04F79EFBC}") = "Unity.PlasticSCM.EditorTests", "Unity.PlasticSCM.EditorTests.csproj", "{F559205B-FA46-1E8A-7366-258D373237BA}"
EndProject
Project("{FAE04EC0-301F-11D3-BF4B-00C04F79EFBC}") = "Unity.Rider.Editor", "Unity.Rider.Editor.csproj", "{D2E8C170-D6DB-D5AE-AD3C-2A6197C0FFC9}"
EndProject
Project("{FAE04EC0-301F-11D3-BF4B-00C04F79EFBC}") = "UnityEditor.UI.EditorTests", "UnityEditor.UI.EditorTests.csproj", "{F71F52E6-08A7-759A-1DB5-1AEE39BC47A2}"
EndProject
Project("{FAE04EC0-301F-11D3-BF4B-00C04F79EFBC}") = "Unity.CollabProxy.EditorTests", "Unity.CollabProxy.EditorTests.csproj", "{4F98B16C-2EA8-AFC3-10D2-C637BB5FE225}"
EndProject
Project("{FAE04EC0-301F-11D3-BF4B-00C04F79EFBC}") = "Unity.2D.IK.Editor", "Unity.2D.IK.Editor.csproj", "{2DECB160-E57E-2A59-9A2E-CE15EC501F9B}"
EndProject
Project("{FAE04EC0-301F-11D3-BF4B-00C04F79EFBC}") = "Unity.2D.SpriteShape.EditorTests", "Unity.2D.SpriteShape.EditorTests.csproj", "{4EA54B5D-40ED-F6AA-E90C-B3506CC3A401}"
EndProject
Project("{FAE04EC0-301F-11D3-BF4B-00C04F79EFBC}") = "Unity.2D.Sprite.Editor", "Unity.2D.Sprite.Editor.csproj", "{E68B8714-F199-B787-71B8-C24DAB7A2394}"
EndProject
Project("{FAE04EC0-301F-11D3-BF4B-00C04F79EFBC}") = "Unity.2D.Tilemap.Editor", "Unity.2D.Tilemap.Editor.csproj", "{0DEFFEDF-6682-F09B-099D-551F9AC705A0}"
EndProject
Project("{FAE04EC0-301F-11D3-BF4B-00C04F79EFBC}") = "Assembly-CSharp-Editor", "Assembly-CSharp-Editor.csproj", "{0DB0D59B-376A-1829-88C6-4D80F64550A1}"
EndProject
Project("{FAE04EC0-301F-11D3-BF4B-00C04F79EFBC}") = "Unity.2D.PixelPerfect.Editor", "Unity.2D.PixelPerfect.Editor.csproj", "{B4B4B1A6-1C37-7E22-D0DC-DD86D392D78F}"
EndProject
Project("{FAE04EC0-301F-11D3-BF4B-00C04F79EFBC}") = "Unity.VSCode.Editor", "Unity.VSCode.Editor.csproj", "{650C1A67-4E1D-E9CE-9592-EBC54EC66399}"
EndProject
Project("{FAE04EC0-301F-11D3-BF4B-00C04F79EFBC}") = "Unity.2D.Common.Editor", "Unity.2D.Common.Editor.csproj", "{DCFB745F-F687-9FF6-8C30-512FA731591B}"
EndProject
Project("{FAE04EC0-301F-11D3-BF4B-00C04F79EFBC}") = "Unity.Mathematics.Editor", "Unity.Mathematics.Editor.csproj", "{5C2FE220-62E4-1D19-81C7-2F405FA5F146}"
EndProject
Project("{FAE04EC0-301F-11D3-BF4B-00C04F79EFBC}") = "Unity.2D.PixelPerfect.Editor.Tests", "Unity.2D.PixelPerfect.Editor.Tests.csproj", "{0A2FFDB3-E5BB-3022-0DC8-96B61F9E3551}"
EndProject
Project("{FAE04EC0-301F-11D3-BF4B-00C04F79EFBC}") = "Unity.2D.Common.EditorTests", "Unity.2D.Common.EditorTests.csproj", "{FD24E9AD-6980-0287-2E6A-3B456359103C}"
EndProject
Project("{FAE04EC0-301F-11D3-BF4B-00C04F79EFBC}") = "Unity.2D.Path.Tests", "Unity.2D.Path.Tests.csproj", "{1C8BC62B-86DF-F1D9-EAE5-055D445ECEE7}"
EndProject
Project("{FAE04EC0-301F-11D3-BF4B-00C04F79EFBC}") = "Unity.InternalAPIEditorBridge.001", "Unity.InternalAPIEditorBridge.001.csproj", "{572E42C0-E9C4-D7C9-E4DC-5A5DFCAB6290}"
EndProject
Project("{FAE04EC0-301F-11D3-BF4B-00C04F79EFBC}") = "Unity.2D.Tilemap.Package.EditorTests", "Unity.2D.Tilemap.Package.EditorTests.csproj", "{BF82664C-4ECE-CBE3-5ED4-B3982356AD11}"
EndProject
Project("{FAE04EC0-301F-11D3-BF4B-00C04F79EFBC}") = "Unity.2D.Psdimporter.EditorTests", "Unity.2D.Psdimporter.EditorTests.csproj", "{A0981A32-8B83-7E7F-A8BC-1790B7966272}"
EndProject
Project("{FAE04EC0-301F-11D3-BF4B-00C04F79EFBC}") = "Unity.2D.Sprite.Package.EditorTests", "Unity.2D.Sprite.Package.EditorTests.csproj", "{096B27F4-AA4E-1FBB-2A9C-D42EFF9C695B}"
EndProject
Project("{FAE04EC0-301F-11D3-BF4B-00C04F79EFBC}") = "Unity.Nuget.NewtonsoftJson.EditorTests", "Unity.Nuget.NewtonsoftJson.EditorTests.csproj", "{71F14FE2-DF50-5372-6871-08C4AFF940AF}"
EndProject
Project("{FAE04EC0-301F-11D3-BF4B-00C04F79EFBC}") = "Unity.TextMeshPro.Editor.Tests", "Unity.TextMeshPro.Editor.Tests.csproj", "{3E376337-B6F5-DDE9-92EB-E20FC4970484}"
EndProject
Project("{FAE04EC0-301F-11D3-BF4B-00C04F79EFBC}") = "Unity.2D.Animation.EditorTests", "Unity.2D.Animation.EditorTests.csproj", "{61AC3AAD-9A47-C6F8-D46C-36B69423F600}"
EndProject
Global
	GlobalSection(SolutionConfigurationPlatforms) = preSolution
		Debug|Any CPU = Debug|Any CPU
		Release|Any CPU = Release|Any CPU
	EndGlobalSection
	GlobalSection(ProjectConfigurationPlatforms) = postSolution
		{A26DE9A4-6D57-AB8D-E416-A4B6ADF0543B}.Debug|Any CPU.ActiveCfg = Debug|Any CPU
		{A26DE9A4-6D57-AB8D-E416-A4B6ADF0543B}.Debug|Any CPU.Build.0 = Debug|Any CPU
		{A26DE9A4-6D57-AB8D-E416-A4B6ADF0543B}.Release|Any CPU.ActiveCfg = Release|Any CPU
		{A26DE9A4-6D57-AB8D-E416-A4B6ADF0543B}.Release|Any CPU.Build.0 = Release|Any CPU
		{FA7AC13E-F907-E165-94D3-62A908F2734A}.Debug|Any CPU.ActiveCfg = Debug|Any CPU
		{FA7AC13E-F907-E165-94D3-62A908F2734A}.Debug|Any CPU.Build.0 = Debug|Any CPU
		{FA7AC13E-F907-E165-94D3-62A908F2734A}.Release|Any CPU.ActiveCfg = Release|Any CPU
		{FA7AC13E-F907-E165-94D3-62A908F2734A}.Release|Any CPU.Build.0 = Release|Any CPU
		{26573374-1492-22E9-2322-CFB9F2AB296C}.Debug|Any CPU.ActiveCfg = Debug|Any CPU
		{26573374-1492-22E9-2322-CFB9F2AB296C}.Debug|Any CPU.Build.0 = Debug|Any CPU
		{26573374-1492-22E9-2322-CFB9F2AB296C}.Release|Any CPU.ActiveCfg = Release|Any CPU
		{26573374-1492-22E9-2322-CFB9F2AB296C}.Release|Any CPU.Build.0 = Release|Any CPU
		{32AF8C6A-04B7-5E78-F677-9A5C50304A57}.Debug|Any CPU.ActiveCfg = Debug|Any CPU
		{32AF8C6A-04B7-5E78-F677-9A5C50304A57}.Debug|Any CPU.Build.0 = Debug|Any CPU
		{32AF8C6A-04B7-5E78-F677-9A5C50304A57}.Release|Any CPU.ActiveCfg = Release|Any CPU
		{32AF8C6A-04B7-5E78-F677-9A5C50304A57}.Release|Any CPU.Build.0 = Release|Any CPU
		{07767724-DB59-073C-0E31-D22334726941}.Debug|Any CPU.ActiveCfg = Debug|Any CPU
		{07767724-DB59-073C-0E31-D22334726941}.Debug|Any CPU.Build.0 = Debug|Any CPU
		{07767724-DB59-073C-0E31-D22334726941}.Release|Any CPU.ActiveCfg = Release|Any CPU
		{07767724-DB59-073C-0E31-D22334726941}.Release|Any CPU.Build.0 = Release|Any CPU
		{901891B5-149C-8C1C-6D23-434503277C37}.Debug|Any CPU.ActiveCfg = Debug|Any CPU
		{901891B5-149C-8C1C-6D23-434503277C37}.Debug|Any CPU.Build.0 = Debug|Any CPU
		{901891B5-149C-8C1C-6D23-434503277C37}.Release|Any CPU.ActiveCfg = Release|Any CPU
		{901891B5-149C-8C1C-6D23-434503277C37}.Release|Any CPU.Build.0 = Release|Any CPU
		{E1C63A48-5FAE-8380-7F75-58A3519A617F}.Debug|Any CPU.ActiveCfg = Debug|Any CPU
		{E1C63A48-5FAE-8380-7F75-58A3519A617F}.Debug|Any CPU.Build.0 = Debug|Any CPU
		{E1C63A48-5FAE-8380-7F75-58A3519A617F}.Release|Any CPU.ActiveCfg = Release|Any CPU
		{E1C63A48-5FAE-8380-7F75-58A3519A617F}.Release|Any CPU.Build.0 = Release|Any CPU
		{4B95C8F9-1F0E-5A62-8842-FF596711FE59}.Debug|Any CPU.ActiveCfg = Debug|Any CPU
		{4B95C8F9-1F0E-5A62-8842-FF596711FE59}.Debug|Any CPU.Build.0 = Debug|Any CPU
		{4B95C8F9-1F0E-5A62-8842-FF596711FE59}.Release|Any CPU.ActiveCfg = Release|Any CPU
		{4B95C8F9-1F0E-5A62-8842-FF596711FE59}.Release|Any CPU.Build.0 = Release|Any CPU
		{90E50FFC-0833-97F2-C03E-046E7F5B703D}.Debug|Any CPU.ActiveCfg = Debug|Any CPU
		{90E50FFC-0833-97F2-C03E-046E7F5B703D}.Debug|Any CPU.Build.0 = Debug|Any CPU
		{90E50FFC-0833-97F2-C03E-046E7F5B703D}.Release|Any CPU.ActiveCfg = Release|Any CPU
		{90E50FFC-0833-97F2-C03E-046E7F5B703D}.Release|Any CPU.Build.0 = Release|Any CPU
		{1E9D9BF3-A34C-5C0E-6B43-C3C2290D9D39}.Debug|Any CPU.ActiveCfg = Debug|Any CPU
		{1E9D9BF3-A34C-5C0E-6B43-C3C2290D9D39}.Debug|Any CPU.Build.0 = Debug|Any CPU
		{1E9D9BF3-A34C-5C0E-6B43-C3C2290D9D39}.Release|Any CPU.ActiveCfg = Release|Any CPU
		{1E9D9BF3-A34C-5C0E-6B43-C3C2290D9D39}.Release|Any CPU.Build.0 = Release|Any CPU
		{174B07FC-7534-817F-0600-ED2C724E20FF}.Debug|Any CPU.ActiveCfg = Debug|Any CPU
		{174B07FC-7534-817F-0600-ED2C724E20FF}.Debug|Any CPU.Build.0 = Debug|Any CPU
		{174B07FC-7534-817F-0600-ED2C724E20FF}.Release|Any CPU.ActiveCfg = Release|Any CPU
		{174B07FC-7534-817F-0600-ED2C724E20FF}.Release|Any CPU.Build.0 = Release|Any CPU
		{FB5C92DA-EFC7-FB11-30CB-ACD7CAA99696}.Debug|Any CPU.ActiveCfg = Debug|Any CPU
		{FB5C92DA-EFC7-FB11-30CB-ACD7CAA99696}.Debug|Any CPU.Build.0 = Debug|Any CPU
		{FB5C92DA-EFC7-FB11-30CB-ACD7CAA99696}.Release|Any CPU.ActiveCfg = Release|Any CPU
		{FB5C92DA-EFC7-FB11-30CB-ACD7CAA99696}.Release|Any CPU.Build.0 = Release|Any CPU
		{B7ED3983-DD1F-C2C2-3270-8AC972F603AA}.Debug|Any CPU.ActiveCfg = Debug|Any CPU
		{B7ED3983-DD1F-C2C2-3270-8AC972F603AA}.Debug|Any CPU.Build.0 = Debug|Any CPU
		{B7ED3983-DD1F-C2C2-3270-8AC972F603AA}.Release|Any CPU.ActiveCfg = Release|Any CPU
		{B7ED3983-DD1F-C2C2-3270-8AC972F603AA}.Release|Any CPU.Build.0 = Release|Any CPU
		{401BE95D-59BD-BC52-7951-2FD02AF45A7F}.Debug|Any CPU.ActiveCfg = Debug|Any CPU
		{401BE95D-59BD-BC52-7951-2FD02AF45A7F}.Debug|Any CPU.Build.0 = Debug|Any CPU
		{401BE95D-59BD-BC52-7951-2FD02AF45A7F}.Release|Any CPU.ActiveCfg = Release|Any CPU
		{401BE95D-59BD-BC52-7951-2FD02AF45A7F}.Release|Any CPU.Build.0 = Release|Any CPU
		{920E2C56-7E5F-7320-2B69-783B62122CA2}.Debug|Any CPU.ActiveCfg = Debug|Any CPU
		{920E2C56-7E5F-7320-2B69-783B62122CA2}.Debug|Any CPU.Build.0 = Debug|Any CPU
		{920E2C56-7E5F-7320-2B69-783B62122CA2}.Release|Any CPU.ActiveCfg = Release|Any CPU
		{920E2C56-7E5F-7320-2B69-783B62122CA2}.Release|Any CPU.Build.0 = Release|Any CPU
		{877737C7-3BBB-8166-45DC-F952D3263231}.Debug|Any CPU.ActiveCfg = Debug|Any CPU
		{877737C7-3BBB-8166-45DC-F952D3263231}.Debug|Any CPU.Build.0 = Debug|Any CPU
		{877737C7-3BBB-8166-45DC-F952D3263231}.Release|Any CPU.ActiveCfg = Release|Any CPU
		{877737C7-3BBB-8166-45DC-F952D3263231}.Release|Any CPU.Build.0 = Release|Any CPU
		{2D793066-EE46-49B5-D1DC-4E7C817ED3A0}.Debug|Any CPU.ActiveCfg = Debug|Any CPU
		{2D793066-EE46-49B5-D1DC-4E7C817ED3A0}.Debug|Any CPU.Build.0 = Debug|Any CPU
		{2D793066-EE46-49B5-D1DC-4E7C817ED3A0}.Release|Any CPU.ActiveCfg = Release|Any CPU
		{2D793066-EE46-49B5-D1DC-4E7C817ED3A0}.Release|Any CPU.Build.0 = Release|Any CPU
		{726DC9E4-FE45-B1FD-4AD6-1E4AE2930CB4}.Debug|Any CPU.ActiveCfg = Debug|Any CPU
		{726DC9E4-FE45-B1FD-4AD6-1E4AE2930CB4}.Debug|Any CPU.Build.0 = Debug|Any CPU
		{726DC9E4-FE45-B1FD-4AD6-1E4AE2930CB4}.Release|Any CPU.ActiveCfg = Release|Any CPU
		{726DC9E4-FE45-B1FD-4AD6-1E4AE2930CB4}.Release|Any CPU.Build.0 = Release|Any CPU
		{71CFE2CA-52D0-D4E0-DB05-015688E1D410}.Debug|Any CPU.ActiveCfg = Debug|Any CPU
		{71CFE2CA-52D0-D4E0-DB05-015688E1D410}.Debug|Any CPU.Build.0 = Debug|Any CPU
		{71CFE2CA-52D0-D4E0-DB05-015688E1D410}.Release|Any CPU.ActiveCfg = Release|Any CPU
		{71CFE2CA-52D0-D4E0-DB05-015688E1D410}.Release|Any CPU.Build.0 = Release|Any CPU
		{F3A9A399-095D-F63A-8EA4-AB8E16BD3DA5}.Debug|Any CPU.ActiveCfg = Debug|Any CPU
		{F3A9A399-095D-F63A-8EA4-AB8E16BD3DA5}.Debug|Any CPU.Build.0 = Debug|Any CPU
		{F3A9A399-095D-F63A-8EA4-AB8E16BD3DA5}.Release|Any CPU.ActiveCfg = Release|Any CPU
		{F3A9A399-095D-F63A-8EA4-AB8E16BD3DA5}.Release|Any CPU.Build.0 = Release|Any CPU
		{B41EB3D5-CD44-FE6B-8A26-544198CF98DF}.Debug|Any CPU.ActiveCfg = Debug|Any CPU
		{B41EB3D5-CD44-FE6B-8A26-544198CF98DF}.Debug|Any CPU.Build.0 = Debug|Any CPU
		{B41EB3D5-CD44-FE6B-8A26-544198CF98DF}.Release|Any CPU.ActiveCfg = Release|Any CPU
		{B41EB3D5-CD44-FE6B-8A26-544198CF98DF}.Release|Any CPU.Build.0 = Release|Any CPU
		{A8162B05-C862-5D87-7018-BA65B9CD530E}.Debug|Any CPU.ActiveCfg = Debug|Any CPU
		{A8162B05-C862-5D87-7018-BA65B9CD530E}.Debug|Any CPU.Build.0 = Debug|Any CPU
		{A8162B05-C862-5D87-7018-BA65B9CD530E}.Release|Any CPU.ActiveCfg = Release|Any CPU
		{A8162B05-C862-5D87-7018-BA65B9CD530E}.Release|Any CPU.Build.0 = Release|Any CPU
		{154ED031-AD4E-3243-6086-049D2EE52D81}.Debug|Any CPU.ActiveCfg = Debug|Any CPU
		{154ED031-AD4E-3243-6086-049D2EE52D81}.Debug|Any CPU.Build.0 = Debug|Any CPU
		{154ED031-AD4E-3243-6086-049D2EE52D81}.Release|Any CPU.ActiveCfg = Release|Any CPU
		{154ED031-AD4E-3243-6086-049D2EE52D81}.Release|Any CPU.Build.0 = Release|Any CPU
		{9CEA376A-7FF7-389E-DF89-D129CF8FF092}.Debug|Any CPU.ActiveCfg = Debug|Any CPU
		{9CEA376A-7FF7-389E-DF89-D129CF8FF092}.Debug|Any CPU.Build.0 = Debug|Any CPU
		{9CEA376A-7FF7-389E-DF89-D129CF8FF092}.Release|Any CPU.ActiveCfg = Release|Any CPU
		{9CEA376A-7FF7-389E-DF89-D129CF8FF092}.Release|Any CPU.Build.0 = Release|Any CPU
		{643BB088-EB2A-9449-FE82-F24C4291588A}.Debug|Any CPU.ActiveCfg = Debug|Any CPU
		{643BB088-EB2A-9449-FE82-F24C4291588A}.Debug|Any CPU.Build.0 = Debug|Any CPU
		{643BB088-EB2A-9449-FE82-F24C4291588A}.Release|Any CPU.ActiveCfg = Release|Any CPU
		{643BB088-EB2A-9449-FE82-F24C4291588A}.Release|Any CPU.Build.0 = Release|Any CPU
		{11EA43C8-95DA-23AD-27C8-6FE8537D36B1}.Debug|Any CPU.ActiveCfg = Debug|Any CPU
		{11EA43C8-95DA-23AD-27C8-6FE8537D36B1}.Debug|Any CPU.Build.0 = Debug|Any CPU
		{11EA43C8-95DA-23AD-27C8-6FE8537D36B1}.Release|Any CPU.ActiveCfg = Release|Any CPU
		{11EA43C8-95DA-23AD-27C8-6FE8537D36B1}.Release|Any CPU.Build.0 = Release|Any CPU
		{3D2D788E-FE5F-0C9F-6C87-7D68E148CCB2}.Debug|Any CPU.ActiveCfg = Debug|Any CPU
		{3D2D788E-FE5F-0C9F-6C87-7D68E148CCB2}.Debug|Any CPU.Build.0 = Debug|Any CPU
		{3D2D788E-FE5F-0C9F-6C87-7D68E148CCB2}.Release|Any CPU.ActiveCfg = Release|Any CPU
		{3D2D788E-FE5F-0C9F-6C87-7D68E148CCB2}.Release|Any CPU.Build.0 = Release|Any CPU
		{F36053FB-7361-4960-7D1C-E0F912073436}.Debug|Any CPU.ActiveCfg = Debug|Any CPU
		{F36053FB-7361-4960-7D1C-E0F912073436}.Debug|Any CPU.Build.0 = Debug|Any CPU
		{F36053FB-7361-4960-7D1C-E0F912073436}.Release|Any CPU.ActiveCfg = Release|Any CPU
		{F36053FB-7361-4960-7D1C-E0F912073436}.Release|Any CPU.Build.0 = Release|Any CPU
		{25308AEC-BB59-7F5F-29A7-FF9D0ABA17E0}.Debug|Any CPU.ActiveCfg = Debug|Any CPU
		{25308AEC-BB59-7F5F-29A7-FF9D0ABA17E0}.Debug|Any CPU.Build.0 = Debug|Any CPU
		{25308AEC-BB59-7F5F-29A7-FF9D0ABA17E0}.Release|Any CPU.ActiveCfg = Release|Any CPU
		{25308AEC-BB59-7F5F-29A7-FF9D0ABA17E0}.Release|Any CPU.Build.0 = Release|Any CPU
		{47028E65-998F-9F0B-72D7-BAA0B6604B52}.Debug|Any CPU.ActiveCfg = Debug|Any CPU
		{47028E65-998F-9F0B-72D7-BAA0B6604B52}.Debug|Any CPU.Build.0 = Debug|Any CPU
		{47028E65-998F-9F0B-72D7-BAA0B6604B52}.Release|Any CPU.ActiveCfg = Release|Any CPU
		{47028E65-998F-9F0B-72D7-BAA0B6604B52}.Release|Any CPU.Build.0 = Release|Any CPU
		{CE1E96CE-AC38-77C9-B0C7-2277290CC9BB}.Debug|Any CPU.ActiveCfg = Debug|Any CPU
		{CE1E96CE-AC38-77C9-B0C7-2277290CC9BB}.Debug|Any CPU.Build.0 = Debug|Any CPU
		{CE1E96CE-AC38-77C9-B0C7-2277290CC9BB}.Release|Any CPU.ActiveCfg = Release|Any CPU
		{CE1E96CE-AC38-77C9-B0C7-2277290CC9BB}.Release|Any CPU.Build.0 = Release|Any CPU
		{F559205B-FA46-1E8A-7366-258D373237BA}.Debug|Any CPU.ActiveCfg = Debug|Any CPU
		{F559205B-FA46-1E8A-7366-258D373237BA}.Debug|Any CPU.Build.0 = Debug|Any CPU
		{F559205B-FA46-1E8A-7366-258D373237BA}.Release|Any CPU.ActiveCfg = Release|Any CPU
		{F559205B-FA46-1E8A-7366-258D373237BA}.Release|Any CPU.Build.0 = Release|Any CPU
		{D2E8C170-D6DB-D5AE-AD3C-2A6197C0FFC9}.Debug|Any CPU.ActiveCfg = Debug|Any CPU
		{D2E8C170-D6DB-D5AE-AD3C-2A6197C0FFC9}.Debug|Any CPU.Build.0 = Debug|Any CPU
		{D2E8C170-D6DB-D5AE-AD3C-2A6197C0FFC9}.Release|Any CPU.ActiveCfg = Release|Any CPU
		{D2E8C170-D6DB-D5AE-AD3C-2A6197C0FFC9}.Release|Any CPU.Build.0 = Release|Any CPU
		{F71F52E6-08A7-759A-1DB5-1AEE39BC47A2}.Debug|Any CPU.ActiveCfg = Debug|Any CPU
		{F71F52E6-08A7-759A-1DB5-1AEE39BC47A2}.Debug|Any CPU.Build.0 = Debug|Any CPU
		{F71F52E6-08A7-759A-1DB5-1AEE39BC47A2}.Release|Any CPU.ActiveCfg = Release|Any CPU
		{F71F52E6-08A7-759A-1DB5-1AEE39BC47A2}.Release|Any CPU.Build.0 = Release|Any CPU
		{4F98B16C-2EA8-AFC3-10D2-C637BB5FE225}.Debug|Any CPU.ActiveCfg = Debug|Any CPU
		{4F98B16C-2EA8-AFC3-10D2-C637BB5FE225}.Debug|Any CPU.Build.0 = Debug|Any CPU
		{4F98B16C-2EA8-AFC3-10D2-C637BB5FE225}.Release|Any CPU.ActiveCfg = Release|Any CPU
		{4F98B16C-2EA8-AFC3-10D2-C637BB5FE225}.Release|Any CPU.Build.0 = Release|Any CPU
		{2DECB160-E57E-2A59-9A2E-CE15EC501F9B}.Debug|Any CPU.ActiveCfg = Debug|Any CPU
		{2DECB160-E57E-2A59-9A2E-CE15EC501F9B}.Debug|Any CPU.Build.0 = Debug|Any CPU
		{2DECB160-E57E-2A59-9A2E-CE15EC501F9B}.Release|Any CPU.ActiveCfg = Release|Any CPU
		{2DECB160-E57E-2A59-9A2E-CE15EC501F9B}.Release|Any CPU.Build.0 = Release|Any CPU
		{4EA54B5D-40ED-F6AA-E90C-B3506CC3A401}.Debug|Any CPU.ActiveCfg = Debug|Any CPU
		{4EA54B5D-40ED-F6AA-E90C-B3506CC3A401}.Debug|Any CPU.Build.0 = Debug|Any CPU
		{4EA54B5D-40ED-F6AA-E90C-B3506CC3A401}.Release|Any CPU.ActiveCfg = Release|Any CPU
		{4EA54B5D-40ED-F6AA-E90C-B3506CC3A401}.Release|Any CPU.Build.0 = Release|Any CPU
		{E68B8714-F199-B787-71B8-C24DAB7A2394}.Debug|Any CPU.ActiveCfg = Debug|Any CPU
		{E68B8714-F199-B787-71B8-C24DAB7A2394}.Debug|Any CPU.Build.0 = Debug|Any CPU
		{E68B8714-F199-B787-71B8-C24DAB7A2394}.Release|Any CPU.ActiveCfg = Release|Any CPU
		{E68B8714-F199-B787-71B8-C24DAB7A2394}.Release|Any CPU.Build.0 = Release|Any CPU
		{0DEFFEDF-6682-F09B-099D-551F9AC705A0}.Debug|Any CPU.ActiveCfg = Debug|Any CPU
		{0DEFFEDF-6682-F09B-099D-551F9AC705A0}.Debug|Any CPU.Build.0 = Debug|Any CPU
		{0DEFFEDF-6682-F09B-099D-551F9AC705A0}.Release|Any CPU.ActiveCfg = Release|Any CPU
		{0DEFFEDF-6682-F09B-099D-551F9AC705A0}.Release|Any CPU.Build.0 = Release|Any CPU
		{0DB0D59B-376A-1829-88C6-4D80F64550A1}.Debug|Any CPU.ActiveCfg = Debug|Any CPU
		{0DB0D59B-376A-1829-88C6-4D80F64550A1}.Debug|Any CPU.Build.0 = Debug|Any CPU
		{0DB0D59B-376A-1829-88C6-4D80F64550A1}.Release|Any CPU.ActiveCfg = Release|Any CPU
		{0DB0D59B-376A-1829-88C6-4D80F64550A1}.Release|Any CPU.Build.0 = Release|Any CPU
		{B4B4B1A6-1C37-7E22-D0DC-DD86D392D78F}.Debug|Any CPU.ActiveCfg = Debug|Any CPU
		{B4B4B1A6-1C37-7E22-D0DC-DD86D392D78F}.Debug|Any CPU.Build.0 = Debug|Any CPU
		{B4B4B1A6-1C37-7E22-D0DC-DD86D392D78F}.Release|Any CPU.ActiveCfg = Release|Any CPU
		{B4B4B1A6-1C37-7E22-D0DC-DD86D392D78F}.Release|Any CPU.Build.0 = Release|Any CPU
		{650C1A67-4E1D-E9CE-9592-EBC54EC66399}.Debug|Any CPU.ActiveCfg = Debug|Any CPU
		{650C1A67-4E1D-E9CE-9592-EBC54EC66399}.Debug|Any CPU.Build.0 = Debug|Any CPU
		{650C1A67-4E1D-E9CE-9592-EBC54EC66399}.Release|Any CPU.ActiveCfg = Release|Any CPU
		{650C1A67-4E1D-E9CE-9592-EBC54EC66399}.Release|Any CPU.Build.0 = Release|Any CPU
		{DCFB745F-F687-9FF6-8C30-512FA731591B}.Debug|Any CPU.ActiveCfg = Debug|Any CPU
		{DCFB745F-F687-9FF6-8C30-512FA731591B}.Debug|Any CPU.Build.0 = Debug|Any CPU
		{DCFB745F-F687-9FF6-8C30-512FA731591B}.Release|Any CPU.ActiveCfg = Release|Any CPU
		{DCFB745F-F687-9FF6-8C30-512FA731591B}.Release|Any CPU.Build.0 = Release|Any CPU
		{5C2FE220-62E4-1D19-81C7-2F405FA5F146}.Debug|Any CPU.ActiveCfg = Debug|Any CPU
		{5C2FE220-62E4-1D19-81C7-2F405FA5F146}.Debug|Any CPU.Build.0 = Debug|Any CPU
		{5C2FE220-62E4-1D19-81C7-2F405FA5F146}.Release|Any CPU.ActiveCfg = Release|Any CPU
		{5C2FE220-62E4-1D19-81C7-2F405FA5F146}.Release|Any CPU.Build.0 = Release|Any CPU
		{0A2FFDB3-E5BB-3022-0DC8-96B61F9E3551}.Debug|Any CPU.ActiveCfg = Debug|Any CPU
		{0A2FFDB3-E5BB-3022-0DC8-96B61F9E3551}.Debug|Any CPU.Build.0 = Debug|Any CPU
		{0A2FFDB3-E5BB-3022-0DC8-96B61F9E3551}.Release|Any CPU.ActiveCfg = Release|Any CPU
		{0A2FFDB3-E5BB-3022-0DC8-96B61F9E3551}.Release|Any CPU.Build.0 = Release|Any CPU
		{FD24E9AD-6980-0287-2E6A-3B456359103C}.Debug|Any CPU.ActiveCfg = Debug|Any CPU
		{FD24E9AD-6980-0287-2E6A-3B456359103C}.Debug|Any CPU.Build.0 = Debug|Any CPU
		{FD24E9AD-6980-0287-2E6A-3B456359103C}.Release|Any CPU.ActiveCfg = Release|Any CPU
		{FD24E9AD-6980-0287-2E6A-3B456359103C}.Release|Any CPU.Build.0 = Release|Any CPU
		{1C8BC62B-86DF-F1D9-EAE5-055D445ECEE7}.Debug|Any CPU.ActiveCfg = Debug|Any CPU
		{1C8BC62B-86DF-F1D9-EAE5-055D445ECEE7}.Debug|Any CPU.Build.0 = Debug|Any CPU
		{1C8BC62B-86DF-F1D9-EAE5-055D445ECEE7}.Release|Any CPU.ActiveCfg = Release|Any CPU
		{1C8BC62B-86DF-F1D9-EAE5-055D445ECEE7}.Release|Any CPU.Build.0 = Release|Any CPU
		{572E42C0-E9C4-D7C9-E4DC-5A5DFCAB6290}.Debug|Any CPU.ActiveCfg = Debug|Any CPU
		{572E42C0-E9C4-D7C9-E4DC-5A5DFCAB6290}.Debug|Any CPU.Build.0 = Debug|Any CPU
		{572E42C0-E9C4-D7C9-E4DC-5A5DFCAB6290}.Release|Any CPU.ActiveCfg = Release|Any CPU
		{572E42C0-E9C4-D7C9-E4DC-5A5DFCAB6290}.Release|Any CPU.Build.0 = Release|Any CPU
		{BF82664C-4ECE-CBE3-5ED4-B3982356AD11}.Debug|Any CPU.ActiveCfg = Debug|Any CPU
		{BF82664C-4ECE-CBE3-5ED4-B3982356AD11}.Debug|Any CPU.Build.0 = Debug|Any CPU
		{BF82664C-4ECE-CBE3-5ED4-B3982356AD11}.Release|Any CPU.ActiveCfg = Release|Any CPU
		{BF82664C-4ECE-CBE3-5ED4-B3982356AD11}.Release|Any CPU.Build.0 = Release|Any CPU
		{A0981A32-8B83-7E7F-A8BC-1790B7966272}.Debug|Any CPU.ActiveCfg = Debug|Any CPU
		{A0981A32-8B83-7E7F-A8BC-1790B7966272}.Debug|Any CPU.Build.0 = Debug|Any CPU
		{A0981A32-8B83-7E7F-A8BC-1790B7966272}.Release|Any CPU.ActiveCfg = Release|Any CPU
		{A0981A32-8B83-7E7F-A8BC-1790B7966272}.Release|Any CPU.Build.0 = Release|Any CPU
		{096B27F4-AA4E-1FBB-2A9C-D42EFF9C695B}.Debug|Any CPU.ActiveCfg = Debug|Any CPU
		{096B27F4-AA4E-1FBB-2A9C-D42EFF9C695B}.Debug|Any CPU.Build.0 = Debug|Any CPU
		{096B27F4-AA4E-1FBB-2A9C-D42EFF9C695B}.Release|Any CPU.ActiveCfg = Release|Any CPU
		{096B27F4-AA4E-1FBB-2A9C-D42EFF9C695B}.Release|Any CPU.Build.0 = Release|Any CPU
		{71F14FE2-DF50-5372-6871-08C4AFF940AF}.Debug|Any CPU.ActiveCfg = Debug|Any CPU
		{71F14FE2-DF50-5372-6871-08C4AFF940AF}.Debug|Any CPU.Build.0 = Debug|Any CPU
		{71F14FE2-DF50-5372-6871-08C4AFF940AF}.Release|Any CPU.ActiveCfg = Release|Any CPU
		{71F14FE2-DF50-5372-6871-08C4AFF940AF}.Release|Any CPU.Build.0 = Release|Any CPU
		{3E376337-B6F5-DDE9-92EB-E20FC4970484}.Debug|Any CPU.ActiveCfg = Debug|Any CPU
		{3E376337-B6F5-DDE9-92EB-E20FC4970484}.Debug|Any CPU.Build.0 = Debug|Any CPU
		{3E376337-B6F5-DDE9-92EB-E20FC4970484}.Release|Any CPU.ActiveCfg = Release|Any CPU
		{3E376337-B6F5-DDE9-92EB-E20FC4970484}.Release|Any CPU.Build.0 = Release|Any CPU
		{61AC3AAD-9A47-C6F8-D46C-36B69423F600}.Debug|Any CPU.ActiveCfg = Debug|Any CPU
		{61AC3AAD-9A47-C6F8-D46C-36B69423F600}.Debug|Any CPU.Build.0 = Debug|Any CPU
		{61AC3AAD-9A47-C6F8-D46C-36B69423F600}.Release|Any CPU.ActiveCfg = Release|Any CPU
		{61AC3AAD-9A47-C6F8-D46C-36B69423F600}.Release|Any CPU.Build.0 = Release|Any CPU
	EndGlobalSection
	GlobalSection(SolutionProperties) = preSolution
		HideSolutionNode = FALSE
	EndGlobalSection
EndGlobal
